
Microsoft Visual Studio Solution File, Format Version 12.00
# Visual Studio Version 17
VisualStudioVersion = 17.1.32210.238
MinimumVisualStudioVersion = 10.0.40219.1
Project("{FAE04EC0-301F-11D3-BF4B-00C04F79EFBC}") = "RazorPagesMovie", "RazorPagesMovie.csproj", "{88785C92-7D06-4EBB-8B24-75BB0813C18E}"
EndProject
Global
	GlobalSection(SolutionConfigurationPlatforms) = preSolution
		Debug|Any CPU = Debug|Any CPU
		Release|Any CPU = Release|Any CPU
	EndGlobalSection
	GlobalSection(ProjectConfigurationPlatforms) = postSolution
		{88785C92-7D06-4EBB-8B24-75BB0813C18E}.Debug|Any CPU.ActiveCfg = Debug|Any CPU
		{88785C92-7D06-4EBB-8B24-75BB0813C18E}.Debug|Any CPU.Build.0 = Debug|Any CPU
		{88785C92-7D06-4EBB-8B24-75BB0813C18E}.Release|Any CPU.ActiveCfg = Release|Any CPU
		{88785C92-7D06-4EBB-8B24-75BB0813C18E}.Release|Any CPU.Build.0 = Release|Any CPU
	EndGlobalSection
	GlobalSection(SolutionProperties) = preSolution
		HideSolutionNode = FALSE
	EndGlobalSection
	GlobalSection(ExtensibilityGlobals) = postSolution
		SolutionGuid = {3C4E3A76-CE1D-4AD8-92A4-F72D8327A786}
	EndGlobalSection
EndGlobal
